github.com/cozy/goexif2 v1.3.1 h1:wgUyVBJ55xWOohHkF5N9LwTbkKAheZXdw6S6Oci687c=
github.com/cozy/goexif2 v1.3.1/go.mod h1:mBLIra4pwtUmAakLxbwF8v94QD5PdluAW1i7pisBk3w=
github.com/danwakefield/fnmatch v0.0.0-20160403171240-cbb64ac3d964 h1:y5HC9v93H5EPKqaS1UYVg1uYah5Xf51mBfIoWehClUQ=
github.com/danwakefield/fnmatch v0.0.0-20160403171240-cbb64ac3d964/go.mod h1:Xd9hchkHSWYkEqJwUGisez3G1QY8Ryz0sdWrLPMGjLk=
github.com/denormal/go-gitignore v0.0.0-20180930084346-ae8ad1d07817 h1:0nsrg//Dc7xC74H/TZ5sYR8uk4UQRNjsw8zejqH5a4Q=
github.com/denormal/go-gitignore v0.0.0-20180930084346-ae8ad1d07817/go.mod h1:C/+sI4IFnEpCn6VQ3GIPEp+FrQnQw+YQP3+n+GdGq7o=
